{
  "nodes": {
    "custom_gcc-src": {
      "flake": false,
      "locked": {
        "lastModified": 1653428701,
        "narHash": "sha256-tdlWeKiOeCgeNBy8Ux847rZ1Iw4qYUhJISnt+O8Wu/I=",
        "owner": "antoyo",
        "repo": "gcc",
        "rev": "6c00b2a3b02d67cdf009d248103e821d784f4ace",
        "type": "github"
      },
      "original": {
        "owner": "antoyo",
        "repo": "gcc",
        "rev": "6c00b2a3b02d67cdf009d248103e821d784f4ace",
        "type": "github"
      }
    },
    "fenix": {
      "inputs": {
        "nixpkgs": [
          "nixpkgs"
        ],
        "rust-analyzer-src": "rust-analyzer-src"
      },
      "locked": {
        "lastModified": 1654496848,
        "narHash": "sha256-EbJVZtV0zvMtLt7RaIvu22S4qITlnDDoTCDQzNwvrBQ=",
        "owner": "nix-community",
        "repo": "fenix",
        "rev": "54bbc3b0994a16ab97795e11ac6bb91d96b1b601",
        "type": "github"
      },
      "original": {
        "owner": "nix-community",
        "repo": "fenix",
        "type": "github"
      }
    },
    "flake-utils": {
      "locked": {
        "lastModified": 1653893745,
        "narHash": "sha256-0jntwV3Z8//YwuOjzhV2sgJJPt+HY6KhU7VZUL0fKZQ=",
        "owner": "numtide",
        "repo": "flake-utils",
        "rev": "1ed9fb1935d260de5fe1c2f7ee0ebaae17ed2fa1",
        "type": "github"
      },
      "original": {
        "owner": "numtide",
        "repo": "flake-utils",
        "type": "github"
      }
    },
    "naersk": {
      "inputs": {
        "nixpkgs": "nixpkgs"
      },
      "locked": {
        "lastModified": 1653413650,
        "narHash": "sha256-wojDHjb+eU80MPH+3HQaK0liUy8EgR95rvmCl24i58Y=",
        "owner": "nmattia",
        "repo": "naersk",
        "rev": "69daaceebe12c070cd5ae69ba38f277bbf033695",
        "type": "github"
      },
      "original": {
        "owner": "nmattia",
        "ref": "master",
        "repo": "naersk",
        "type": "github"
      }
    },
    "nixpkgs": {
      "locked": {
        "lastModified": 1654398695,
        "narHash": "sha256-Kw/KeoFXszNsF5mORP45mrxCP+k9Aq03hWcuWCL9sdI=",
        "owner": "NixOS",
        "repo": "nixpkgs",
        "rev": "c5d810f4c74c824ae0fb788103003c6c9d366a08",
        "type": "github"
      },
      "original": {
        "id": "nixpkgs",
        "type": "indirect"
      }
    },
    "nixpkgs_2": {
      "locked": {
        "lastModified": 1654230545,
        "narHash": "sha256-8Vlwf0x8ow6pPOK2a04bT+pxIeRnM1+O0Xv9/CuDzRs=",
        "owner": "NixOS",
        "repo": "nixpkgs",
        "rev": "236cc2971ac72acd90f0ae3a797f9f83098b17ec",
        "type": "github"
      },
      "original": {
        "id": "nixpkgs",
        "ref": "nixos-unstable",
        "type": "indirect"
      }
    },
    "root": {
      "inputs": {
        "custom_gcc-src": "custom_gcc-src",
        "fenix": "fenix",
        "flake-utils": "flake-utils",
        "naersk": "naersk",
        "nixpkgs": "nixpkgs_2",
        "rustc_codegen_gcc-src": "rustc_codegen_gcc-src",
        "rx-embedded-rustc_codegen_gcc-src": "rx-embedded-rustc_codegen_gcc-src"
      }
    },
    "rust-analyzer-src": {
      "flake": false,
      "locked": {
        "lastModified": 1654453799,
        "narHash": "sha256-wYxRnGvTvIDk9OPbXXM9j6AYtPcLHaW/SodiDy0RYYA=",
        "owner": "rust-lang",
        "repo": "rust-analyzer",
        "rev": "ad6810e90bf89a4ef0ae21349d077050bc2a4fa2",
        "type": "github"
      },
      "original": {
        "owner": "rust-lang",
        "ref": "nightly",
        "repo": "rust-analyzer",
        "type": "github"
      }
    },
    "rustc_codegen_gcc-src": {
      "flake": false,
      "locked": {
        "lastModified": 1652624728,
        "narHash": "sha256-vRblS+JwRXo/TCLCfIwbcuxxmj+HI7OBxj241I4iilg=",
        "owner": "rust-lang",
        "repo": "rustc_codegen_gcc",
        "rev": "e6dbecdff382691b9f072fedc7cf70cd8ab5a6a4",
        "type": "github"
      },
      "original": {
        "owner": "rust-lang",
        "repo": "rustc_codegen_gcc",
        "rev": "e6dbecdff382691b9f072fedc7cf70cd8ab5a6a4",
        "type": "github"
      }
    },
    "rx-embedded-rustc_codegen_gcc-src": {
      "flake": false,
      "locked": {
        "lastModified": 1653880562,
        "narHash": "sha256-5sDDU748+oKe1BmGqGIRLDkanVEtfmLK/Dcnqe0SGqw=",
        "owner": "yvt",
        "repo": "rustc_codegen_gcc",
        "rev": "01b48b8bb9d1c53e51442ee6e064b9917b175584",
        "type": "github"
      },
      "original": {
        "owner": "yvt",
        "repo": "rustc_codegen_gcc",
        "rev": "01b48b8bb9d1c53e51442ee6e064b9917b175584",
        "type": "github"
      }
    }
  },
  "root": "root",
  "version": 7
}
